// !$*UTF8*$!
{
	archiveVersion = 1;
	classes = {
	};
	objectVersion = 50;
	objects = {

/* Begin PBXBuildFile section */
		239AF18427648CEB00287778 /* Metal.framework in Frameworks */ = {isa = PBXBuildFile; fileRef = 83E9F99E21ED16D900B393C1 /* Metal.framework */; };
		23B3702D26A17660009AC149 /* Shaders.metal in Sources */ = {isa = PBXBuildFile; fileRef = 23B3702C26A17660009AC149 /* Shaders.metal */; };
		23C9830F2761E72A00D5E0E0 /* Main.storyboard in Resources */ = {isa = PBXBuildFile; fileRef = 23C9830D2761E72A00D5E0E0 /* Main.storyboard */; };
		23C983112761E72A00D5E0E0 /* main.m in Sources */ = {isa = PBXBuildFile; fileRef = 23C983102761E72A00D5E0E0 /* main.m */; };
		23C983172761E88800D5E0E0 /* MetalCPPViewController.m in Sources */ = {isa = PBXBuildFile; fileRef = 23C983162761E88800D5E0E0 /* MetalCPPViewController.m */; };
		23C9831A2761E8CA00D5E0E0 /* MetalCPPView.mm in Sources */ = {isa = PBXBuildFile; fileRef = 23C983192761E8CA00D5E0E0 /* MetalCPPView.mm */; };
		23C9831C2761EA9100D5E0E0 /* Shaders.metal in Sources */ = {isa = PBXBuildFile; fileRef = 23C9831B2761EA9100D5E0E0 /* Shaders.metal */; };
		23C98330276464A000D5E0E0 /* MetalDraw.cpp in Sources */ = {isa = PBXBuildFile; fileRef = 23C9832F276464A000D5E0E0 /* MetalDraw.cpp */; };
		23C9833F2764656400D5E0E0 /* MetalCPP.cpp in Sources */ = {isa = PBXBuildFile; fileRef = 23C9833C2764656400D5E0E0 /* MetalCPP.cpp */; };
		3A58E28C222F7ECD00072892 /* MetalView.m in Sources */ = {isa = PBXBuildFile; fileRef = 3A58E28B222F7ECD00072892 /* MetalView.m */; };
		3A58E28F222F7F1400072892 /* MetalViewController.m in Sources */ = {isa = PBXBuildFile; fileRef = 3A58E289222F7D9900072892 /* MetalViewController.m */; };
		3A58E292222F7F1700072892 /* main.m in Sources */ = {isa = PBXBuildFile; fileRef = 3A58E287222F7D9900072892 /* main.m */; };
		3A58E29B222F7F4000072892 /* Main.storyboard in Resources */ = {isa = PBXBuildFile; fileRef = 3A58E278222F7D9900072892 /* Main.storyboard */; };
		83E9F9A021ED16D900B393C1 /* Metal.framework in Frameworks */ = {isa = PBXBuildFile; fileRef = 83E9F99E21ED16D900B393C1 /* Metal.framework */; settings = {ATTRIBUTES = (Required, ); }; };
/* End PBXBuildFile section */

/* Begin PBXFileReference section */
		23B3702B26A168F8009AC149 /* MetalView.h */ = {isa = PBXFileReference; lastKnownFileType = sourcecode.c.h; path = MetalView.h; sourceTree = "<group>"; };
		23B3702C26A17660009AC149 /* Shaders.metal */ = {isa = PBXFileReference; fileEncoding = 4; lastKnownFileType = sourcecode.metal; path = Shaders.metal; sourceTree = "<group>"; };
		23C983032761E72A00D5E0E0 /* MetalTriangleCPP.app */ = {isa = PBXFileReference; explicitFileType = wrapper.application; includeInIndex = 0; path = MetalTriangleCPP.app; sourceTree = BUILT_PRODUCTS_DIR; };
		23C983082761E72A00D5E0E0 /* MetalCPPViewController.h */ = {isa = PBXFileReference; lastKnownFileType = sourcecode.c.h; path = MetalCPPViewController.h; sourceTree = "<group>"; };
		23C9830E2761E72A00D5E0E0 /* Base */ = {isa = PBXFileReference; lastKnownFileType = file.storyboard; name = Base; path = Base.lproj/Main.storyboard; sourceTree = "<group>"; };
		23C983102761E72A00D5E0E0 /* main.m */ = {isa = PBXFileReference; lastKnownFileType = sourcecode.c.objc; path = main.m; sourceTree = "<group>"; };
		23C983122761E72A00D5E0E0 /* MetalTriangleCPP.entitlements */ = {isa = PBXFileReference; lastKnownFileType = text.plist.entitlements; path = MetalTriangleCPP.entitlements; sourceTree = "<group>"; };
		23C983162761E88800D5E0E0 /* MetalCPPViewController.m */ = {isa = PBXFileReference; fileEncoding = 4; lastKnownFileType = sourcecode.c.objc; path = MetalCPPViewController.m; sourceTree = "<group>"; };
		23C983182761E8CA00D5E0E0 /* MetalCPPView.h */ = {isa = PBXFileReference; fileEncoding = 4; lastKnownFileType = sourcecode.c.h; path = MetalCPPView.h; sourceTree = "<group>"; };
		23C983192761E8CA00D5E0E0 /* MetalCPPView.mm */ = {isa = PBXFileReference; fileEncoding = 4; lastKnownFileType = sourcecode.cpp.objcpp; path = MetalCPPView.mm; sourceTree = "<group>"; };
		23C9831B2761EA9100D5E0E0 /* Shaders.metal */ = {isa = PBXFileReference; fileEncoding = 4; lastKnownFileType = sourcecode.metal; path = Shaders.metal; sourceTree = "<group>"; };
		23C9831D2761EB9200D5E0E0 /* Info.plist */ = {isa = PBXFileReference; fileEncoding = 4; lastKnownFileType = text.plist.xml; path = Info.plist; sourceTree = "<group>"; };
		23C983202763C3EA00D5E0E0 /* MetalDraw.h */ = {isa = PBXFileReference; lastKnownFileType = sourcecode.c.h; path = MetalDraw.h; sourceTree = "<group>"; };
		23C9832F276464A000D5E0E0 /* MetalDraw.cpp */ = {isa = PBXFileReference; fileEncoding = 4; lastKnownFileType = sourcecode.cpp.cpp; path = MetalDraw.cpp; sourceTree = "<group>"; };
		23C9833C2764656400D5E0E0 /* MetalCPP.cpp */ = {isa = PBXFileReference; fileEncoding = 4; lastKnownFileType = sourcecode.cpp.cpp; name = MetalCPP.cpp; path = official/metal/MetalCPP.cpp; sourceTree = "<group>"; };
		23C9833D2764656400D5E0E0 /* MetalCPP.h */ = {isa = PBXFileReference; fileEncoding = 4; lastKnownFileType = sourcecode.c.h; name = MetalCPP.h; path = official/metal/MetalCPP.h; sourceTree = "<group>"; };
		23C9833E2764656400D5E0E0 /* README.md */ = {isa = PBXFileReference; fileEncoding = 4; lastKnownFileType = net.daringfireball.markdown; name = README.md; path = official/metal/README.md; sourceTree = "<group>"; };
		3A58E279222F7D9900072892 /* Base */ = {isa = PBXFileReference; lastKnownFileType = file.storyboard; name = Base; path = Base.lproj/Main.storyboard; sourceTree = "<group>"; };
		3A58E27A222F7D9900072892 /* Info.plist */ = {isa = PBXFileReference; lastKnownFileType = text.plist.xml; path = Info.plist; sourceTree = "<group>"; };
		3A58E27C222F7D9900072892 /* MetalViewController.h */ = {isa = PBXFileReference; lastKnownFileType = sourcecode.c.h; path = MetalViewController.h; sourceTree = "<group>"; };
		3A58E287222F7D9900072892 /* main.m */ = {isa = PBXFileReference; lastKnownFileType = sourcecode.c.objc; path = main.m; sourceTree = "<group>"; };
		3A58E289222F7D9900072892 /* MetalViewController.m */ = {isa = PBXFileReference; lastKnownFileType = sourcecode.c.objc; path = MetalViewController.m; sourceTree = "<group>"; };
		3A58E28B222F7ECD00072892 /* MetalView.m */ = {isa = PBXFileReference; fileEncoding = 4; lastKnownFileType = sourcecode.c.objc; path = MetalView.m; sourceTree = "<group>"; };
		83E9F98621ED168D00B393C1 /* MetalTriangle.app */ = {isa = PBXFileReference; explicitFileType = wrapper.application; includeInIndex = 0; path = MetalTriangle.app; sourceTree = BUILT_PRODUCTS_DIR; };
		83E9F99E21ED16D900B393C1 /* Metal.framework */ = {isa = PBXFileReference; lastKnownFileType = wrapper.framework; name = Metal.framework; path = System/Library/Frameworks/Metal.framework; sourceTree = SDKROOT; };
/* End PBXFileReference section */

/* Begin PBXFrameworksBuildPhase section */
		23C983002761E72A00D5E0E0 /* Frameworks */ = {
			isa = PBXFrameworksBuildPhase;
			buildActionMask = 2147483647;
			files = (
				239AF18427648CEB00287778 /* Metal.framework in Frameworks */,
			);
			runOnlyForDeploymentPostprocessing = 0;
		};
		83E9F98321ED168D00B393C1 /* Frameworks */ = {
			isa = PBXFrameworksBuildPhase;
			buildActionMask = 2147483647;
			files = (
				83E9F9A021ED16D900B393C1 /* Metal.framework in Frameworks */,
			);
			runOnlyForDeploymentPostprocessing = 0;
		};
/* End PBXFrameworksBuildPhase section */

/* Begin PBXGroup section */
		23C983042761E72A00D5E0E0 /* MetalTriangleCPP */ = {
			isa = PBXGroup;
			children = (
				23C98333276464F400D5E0E0 /* official */,
				23C9832F276464A000D5E0E0 /* MetalDraw.cpp */,
				23C9831D2761EB9200D5E0E0 /* Info.plist */,
				23C9831B2761EA9100D5E0E0 /* Shaders.metal */,
				23C983182761E8CA00D5E0E0 /* MetalCPPView.h */,
				23C983192761E8CA00D5E0E0 /* MetalCPPView.mm */,
				23C983082761E72A00D5E0E0 /* MetalCPPViewController.h */,
				23C983162761E88800D5E0E0 /* MetalCPPViewController.m */,
				23C983102761E72A00D5E0E0 /* main.m */,
				23C9830D2761E72A00D5E0E0 /* Main.storyboard */,
				23C983122761E72A00D5E0E0 /* MetalTriangleCPP.entitlements */,
				23C983202763C3EA00D5E0E0 /* MetalDraw.h */,
			);
			path = MetalTriangleCPP;
			sourceTree = "<group>";
		};
		23C98333276464F400D5E0E0 /* official */ = {
			isa = PBXGroup;
			children = (
				23C9833B2764655900D5E0E0 /* metal */,
			);
			name = official;
			sourceTree = "<group>";
		};
		23C9833B2764655900D5E0E0 /* metal */ = {
			isa = PBXGroup;
			children = (
				23C9833C2764656400D5E0E0 /* MetalCPP.cpp */,
				23C9833D2764656400D5E0E0 /* MetalCPP.h */,
				23C9833E2764656400D5E0E0 /* README.md */,
			);
			name = metal;
			sourceTree = "<group>";
		};
		3A58E276222F7D9900072892 /* Application */ = {
			isa = PBXGroup;
			children = (
				23B3702C26A17660009AC149 /* Shaders.metal */,
				3A58E27C222F7D9900072892 /* MetalViewController.h */,
				3A58E289222F7D9900072892 /* MetalViewController.m */,
				3A58E287222F7D9900072892 /* main.m */,
				3A58E28B222F7ECD00072892 /* MetalView.m */,
				23B3702B26A168F8009AC149 /* MetalView.h */,
				3A58E277222F7D9900072892 /* macOS */,
			);
			path = Application;
			sourceTree = "<group>";
		};
		3A58E277222F7D9900072892 /* macOS */ = {
			isa = PBXGroup;
			children = (
				3A58E278222F7D9900072892 /* Main.storyboard */,
				3A58E27A222F7D9900072892 /* Info.plist */,
			);
			path = macOS;
			sourceTree = "<group>";
		};
		83E9F97D21ED168D00B393C1 = {
			isa = PBXGroup;
			children = (
				3A58E276222F7D9900072892 /* Application */,
				23C983042761E72A00D5E0E0 /* MetalTriangleCPP */,
				83E9F98721ED168D00B393C1 /* Products */,
				83E9F99D21ED16D800B393C1 /* Frameworks */,
			);
			sourceTree = "<group>";
		};
		83E9F98721ED168D00B393C1 /* Products */ = {
			isa = PBXGroup;
			children = (
				83E9F98621ED168D00B393C1 /* MetalTriangle.app */,
				23C983032761E72A00D5E0E0 /* MetalTriangleCPP.app */,
			);
			name = Products;
			sourceTree = "<group>";
		};
		83E9F99D21ED16D800B393C1 /* Frameworks */ = {
			isa = PBXGroup;
			children = (
				83E9F99E21ED16D900B393C1 /* Metal.framework */,
			);
			name = Frameworks;
			sourceTree = "<group>";
		};
/* End PBXGroup section */

/* Begin PBXNativeTarget section */
		23C983022761E72A00D5E0E0 /* MetalTriangleCPP */ = {
			isa = PBXNativeTarget;
			buildConfigurationList = 23C983132761E72A00D5E0E0 /* Build configuration list for PBXNativeTarget "MetalTriangleCPP" */;
			buildPhases = (
				23C982FF2761E72A00D5E0E0 /* Sources */,
				23C983002761E72A00D5E0E0 /* Frameworks */,
				23C983012761E72A00D5E0E0 /* Resources */,
			);
			buildRules = (
			);
			dependencies = (
			);
			name = MetalTriangleCPP;
			productName = MetalTriangleCPP;
			productReference = 23C983032761E72A00D5E0E0 /* MetalTriangleCPP.app */;
			productType = "com.apple.product-type.application";
		};
		83E9F98521ED168D00B393C1 /* MetalTriangle */ = {
			isa = PBXNativeTarget;
			buildConfigurationList = 83E9F99A21ED168F00B393C1 /* Build configuration list for PBXNativeTarget "MetalTriangle" */;
			buildPhases = (
				83E9F98221ED168D00B393C1 /* Sources */,
				83E9F98321ED168D00B393C1 /* Frameworks */,
				83E9F98421ED168D00B393C1 /* Resources */,
			);
			buildRules = (
			);
			dependencies = (
			);
			name = MetalTriangle;
			productName = MetalTriangle;
			productReference = 83E9F98621ED168D00B393C1 /* MetalTriangle.app */;
			productType = "com.apple.product-type.application";
		};
/* End PBXNativeTarget section */

/* Begin PBXProject section */
		83E9F97E21ED168D00B393C1 /* Project object */ = {
			isa = PBXProject;
			attributes = {
				DefaultBuildSystemTypeForWorkspace = Latest;
				LastUpgradeCheck = 1310;
				ORGANIZATIONNAME = Apple;
				TargetAttributes = {
					23C983022761E72A00D5E0E0 = {
						CreatedOnToolsVersion = 13.1;
					};
					83E9F98521ED168D00B393C1 = {
						CreatedOnToolsVersion = 10.1;
						SystemCapabilities = {
							com.apple.Sandbox = {
								enabled = 0;
							};
						};
					};
				};
			};
			buildConfigurationList = 83E9F98121ED168D00B393C1 /* Build configuration list for PBXProject "MetalTriangle" */;
			compatibilityVersion = "Xcode 9.3";
			developmentRegion = en;
			hasScannedForEncodings = 0;
			knownRegions = (
				en,
				Base,
			);
			mainGroup = 83E9F97D21ED168D00B393C1;
			productRefGroup = 83E9F98721ED168D00B393C1 /* Products */;
			projectDirPath = "";
			projectRoot = "";
			targets = (
				83E9F98521ED168D00B393C1 /* MetalTriangle */,
				23C983022761E72A00D5E0E0 /* MetalTriangleCPP */,
			);
		};
/* End PBXProject section */

/* Begin PBXResourcesBuildPhase section */
		23C983012761E72A00D5E0E0 /* Resources */ = {
			isa = PBXResourcesBuildPhase;
			buildActionMask = 2147483647;
			files = (
				23C9830F2761E72A00D5E0E0 /* Main.storyboard in Resources */,
			);
			runOnlyForDeploymentPostprocessing = 0;
		};
		83E9F98421ED168D00B393C1 /* Resources */ = {
			isa = PBXResourcesBuildPhase;
			buildActionMask = 2147483647;
			files = (
				3A58E29B222F7F4000072892 /* Main.storyboard in Resources */,
			);
			runOnlyForDeploymentPostprocessing = 0;
		};
/* End PBXResourcesBuildPhase section */

/* Begin PBXSourcesBuildPhase section */
		23C982FF2761E72A00D5E0E0 /* Sources */ = {
			isa = PBXSourcesBuildPhase;
			buildActionMask = 2147483647;
			files = (
				23C9831C2761EA9100D5E0E0 /* Shaders.metal in Sources */,
				23C983172761E88800D5E0E0 /* MetalCPPViewController.m in Sources */,
				23C983112761E72A00D5E0E0 /* main.m in Sources */,
				23C9831A2761E8CA00D5E0E0 /* MetalCPPView.mm in Sources */,
				23C98330276464A000D5E0E0 /* MetalDraw.cpp in Sources */,
				23C9833F2764656400D5E0E0 /* MetalCPP.cpp in Sources */,
			);
			runOnlyForDeploymentPostprocessing = 0;
		};
		83E9F98221ED168D00B393C1 /* Sources */ = {
			isa = PBXSourcesBuildPhase;
			buildActionMask = 2147483647;
			files = (
				23B3702D26A17660009AC149 /* Shaders.metal in Sources */,
				3A58E28F222F7F1400072892 /* MetalViewController.m in Sources */,
				3A58E292222F7F1700072892 /* main.m in Sources */,
				3A58E28C222F7ECD00072892 /* MetalView.m in Sources */,
			);
			runOnlyForDeploymentPostprocessing = 0;
		};
/* End PBXSourcesBuildPhase section */

/* Begin PBXVariantGroup section */
		23C9830D2761E72A00D5E0E0 /* Main.storyboard */ = {
			isa = PBXVariantGroup;
			children = (
				23C9830E2761E72A00D5E0E0 /* Base */,
			);
			name = Main.storyboard;
			sourceTree = "<group>";
		};
		3A58E278222F7D9900072892 /* Main.storyboard */ = {
			isa = PBXVariantGroup;
			children = (
				3A58E279222F7D9900072892 /* Base */,
			);
			name = Main.storyboard;
			sourceTree = "<group>";
		};
/* End PBXVariantGroup section */

/* Begin XCBuildConfiguration section */
		23C983142761E72A00D5E0E0 /* Debug */ = {
			isa = XCBuildConfiguration;
			buildSettings = {
				CLANG_CXX_LANGUAGE_STANDARD = "c++17";
				CLANG_ENABLE_OBJC_ARC = NO;
				CODE_SIGN_IDENTITY = "Apple Development";
				CODE_SIGN_STYLE = Automatic;
				COMBINE_HIDPI_IMAGES = YES;
				CURRENT_PROJECT_VERSION = 1.0;
				DEVELOPMENT_TEAM = MNHBTWM7RN;
				ENABLE_HARDENED_RUNTIME = NO;
				GCC_PREPROCESSOR_DEFINITIONS = (
					"$(inherited)",
					TARGET_MACOS,
				);
				GENERATE_INFOPLIST_FILE = NO;
				INFOPLIST_FILE = MetalTriangleCPP/Info.plist;
				INFOPLIST_KEY_NSMainStoryboardFile = Main;
				LD_RUNPATH_SEARCH_PATHS = (
					"$(inherited)",
					"@executable_path/../Frameworks",
				);
				MACOSX_DEPLOYMENT_TARGET = 12.0;
				MARKETING_VERSION = 1.0;
				PRODUCT_BUNDLE_IDENTIFIER = com.jake.MetalTriangleCPP;
				PRODUCT_NAME = "$(TARGET_NAME)";
				SWIFT_EMIT_LOC_STRINGS = NO;
			};
			name = Debug;
		};
		23C983152761E72A00D5E0E0 /* Release */ = {
			isa = XCBuildConfiguration;
			buildSettings = {
				CLANG_CXX_LANGUAGE_STANDARD = "c++17";
				CLANG_ENABLE_OBJC_ARC = NO;
				CODE_SIGN_IDENTITY = "Apple Development";
				CODE_SIGN_STYLE = Automatic;
				COMBINE_HIDPI_IMAGES = YES;
				CURRENT_PROJECT_VERSION = 1.0;
				DEVELOPMENT_TEAM = MNHBTWM7RN;
				ENABLE_HARDENED_RUNTIME = NO;
				GCC_PREPROCESSOR_DEFINITIONS = TARGET_MACOS;
				GENERATE_INFOPLIST_FILE = NO;
				INFOPLIST_FILE = MetalTriangleCPP/Info.plist;
				INFOPLIST_KEY_NSMainStoryboardFile = Main;
				LD_RUNPATH_SEARCH_PATHS = (
					"$(inherited)",
					"@executable_path/../Frameworks",
				);
				MACOSX_DEPLOYMENT_TARGET = 12.0;
				MARKETING_VERSION = 1.0;
				PRODUCT_BUNDLE_IDENTIFIER = com.jake.MetalTriangleCPP;
				PRODUCT_NAME = "$(TARGET_NAME)";
				PROVISIONING_PROFILE_SPECIFIER = "";
				SWIFT_EMIT_LOC_STRINGS = NO;
			};
			name = Release;
		};
		83E9F99821ED168F00B393C1 /* Debug */ = {
			isa = XCBuildConfiguration;
			buildSettings = {
				ALWAYS_SEARCH_USER_PATHS = NO;
				CLANG_ANALYZER_NONNULL = YES;
				CLANG_ANALYZER_NUMBER_OBJECT_CONVERSION = YES_AGGRESSIVE;
				CLANG_CXX_LANGUAGE_STANDARD = "gnu++14";
				CLANG_CXX_LIBRARY = "libc++";
				CLANG_ENABLE_MODULES = YES;
				CLANG_ENABLE_OBJC_ARC = YES;
				CLANG_ENABLE_OBJC_WEAK = YES;
				CLANG_WARN_BLOCK_CAPTURE_AUTORELEASING = YES;
				CLANG_WARN_BOOL_CONVERSION = YES;
				CLANG_WARN_COMMA = YES;
				CLANG_WARN_CONSTANT_CONVERSION = YES;
				CLANG_WARN_DEPRECATED_OBJC_IMPLEMENTATIONS = YES;
				CLANG_WARN_DIRECT_OBJC_ISA_USAGE = YES_ERROR;
				CLANG_WARN_DOCUMENTATION_COMMENTS = YES;
				CLANG_WARN_EMPTY_BODY = YES;
				CLANG_WARN_ENUM_CONVERSION = YES;
				CLANG_WARN_INFINITE_RECURSION = YES;
				CLANG_WARN_INT_CONVERSION = YES;
				CLANG_WARN_NON_LITERAL_NULL_CONVERSION = YES;
				CLANG_WARN_OBJC_IMPLICIT_RETAIN_SELF = YES;
				CLANG_WARN_OBJC_LITERAL_CONVERSION = YES;
				CLANG_WARN_OBJC_ROOT_CLASS = YES_ERROR;
				CLANG_WARN_QUOTED_INCLUDE_IN_FRAMEWORK_HEADER = YES;
				CLANG_WARN_RANGE_LOOP_ANALYSIS = YES;
				CLANG_WARN_STRICT_PROTOTYPES = YES;
				CLANG_WARN_SUSPICIOUS_MOVE = YES;
				CLANG_WARN_UNGUARDED_AVAILABILITY = YES_AGGRESSIVE;
				CLANG_WARN_UNREACHABLE_CODE = YES;
				CLANG_WARN__DUPLICATE_METHOD_MATCH = YES;
				CODE_SIGN_IDENTITY = "Mac Developer";
				COPY_PHASE_STRIP = NO;
				DEBUG_INFORMATION_FORMAT = dwarf;
				DEPLOYMENT_LOCATION = NO;
				ENABLE_STRICT_OBJC_MSGSEND = YES;
				ENABLE_TESTABILITY = YES;
				GCC_C_LANGUAGE_STANDARD = gnu11;
				GCC_DYNAMIC_NO_PIC = NO;
				GCC_NO_COMMON_BLOCKS = YES;
				GCC_OPTIMIZATION_LEVEL = 0;
				GCC_PREPROCESSOR_DEFINITIONS = (
					"DEBUG=1",
					"$(inherited)",
				);
				GCC_WARN_64_TO_32_BIT_CONVERSION = YES;
				GCC_WARN_ABOUT_RETURN_TYPE = YES_ERROR;
				GCC_WARN_UNDECLARED_SELECTOR = YES;
				GCC_WARN_UNINITIALIZED_AUTOS = YES_AGGRESSIVE;
				GCC_WARN_UNUSED_FUNCTION = YES;
				GCC_WARN_UNUSED_VARIABLE = YES;
				MACOSX_DEPLOYMENT_TARGET = 11.3;
				MTL_ENABLE_DEBUG_INFO = INCLUDE_SOURCE;
				MTL_FAST_MATH = YES;
				ONLY_ACTIVE_ARCH = YES;
				SDKROOT = macosx;
			};
			name = Debug;
		};
		83E9F99921ED168F00B393C1 /* Release */ = {
			isa = XCBuildConfiguration;
			buildSettings = {
				ALWAYS_SEARCH_USER_PATHS = NO;
				CLANG_ANALYZER_NONNULL = YES;
				CLANG_ANALYZER_NUMBER_OBJECT_CONVERSION = YES_AGGRESSIVE;
				CLANG_CXX_LANGUAGE_STANDARD = "gnu++14";
				CLANG_CXX_LIBRARY = "libc++";
				CLANG_ENABLE_MODULES = YES;
				CLANG_ENABLE_OBJC_ARC = YES;
				CLANG_ENABLE_OBJC_WEAK = YES;
				CLANG_WARN_BLOCK_CAPTURE_AUTORELEASING = YES;
				CLANG_WARN_BOOL_CONVERSION = YES;
				CLANG_WARN_COMMA = YES;
				CLANG_WARN_CONSTANT_CONVERSION = YES;
				CLANG_WARN_DEPRECATED_OBJC_IMPLEMENTATIONS = YES;
				CLANG_WARN_DIRECT_OBJC_ISA_USAGE = YES_ERROR;
				CLANG_WARN_DOCUMENTATION_COMMENTS = YES;
				CLANG_WARN_EMPTY_BODY = YES;
				CLANG_WARN_ENUM_CONVERSION = YES;
				CLANG_WARN_INFINITE_RECURSION = YES;
				CLANG_WARN_INT_CONVERSION = YES;
				CLANG_WARN_NON_LITERAL_NULL_CONVERSION = YES;
				CLANG_WARN_OBJC_IMPLICIT_RETAIN_SELF = YES;
				CLANG_WARN_OBJC_LITERAL_CONVERSION = YES;
				CLANG_WARN_OBJC_ROOT_CLASS = YES_ERROR;
				CLANG_WARN_QUOTED_INCLUDE_IN_FRAMEWORK_HEADER = YES;
				CLANG_WARN_RANGE_LOOP_ANALYSIS = YES;
				CLANG_WARN_STRICT_PROTOTYPES = YES;
				CLANG_WARN_SUSPICIOUS_MOVE = YES;
				CLANG_WARN_UNGUARDED_AVAILABILITY = YES_AGGRESSIVE;
				CLANG_WARN_UNREACHABLE_CODE = YES;
				CLANG_WARN__DUPLICATE_METHOD_MATCH = YES;
				CODE_SIGN_IDENTITY = "Mac Developer";
				COPY_PHASE_STRIP = NO;
				DEBUG_INFORMATION_FORMAT = "dwarf-with-dsym";
				DEPLOYMENT_LOCATION = NO;
				ENABLE_NS_ASSERTIONS = NO;
				ENABLE_STRICT_OBJC_MSGSEND = YES;
				GCC_C_LANGUAGE_STANDARD = gnu11;
				GCC_NO_COMMON_BLOCKS = YES;
				GCC_WARN_64_TO_32_BIT_CONVERSION = YES;
				GCC_WARN_ABOUT_RETURN_TYPE = YES_ERROR;
				GCC_WARN_UNDECLARED_SELECTOR = YES;
				GCC_WARN_UNINITIALIZED_AUTOS = YES_AGGRESSIVE;
				GCC_WARN_UNUSED_FUNCTION = YES;
				GCC_WARN_UNUSED_VARIABLE = YES;
				MACOSX_DEPLOYMENT_TARGET = 11.3;
				MTL_ENABLE_DEBUG_INFO = NO;
				MTL_FAST_MATH = YES;
				SDKROOT = macosx;
			};
			name = Release;
		};
		83E9F99B21ED168F00B393C1 /* Debug */ = {
			isa = XCBuildConfiguration;
			buildSettings = {
				CLANG_CXX_LANGUAGE_STANDARD = "c++17";
				CLANG_ENABLE_OBJC_ARC = NO;
				CODE_SIGN_IDENTITY = "Apple Development";
				CODE_SIGN_STYLE = Automatic;
				COMBINE_HIDPI_IMAGES = YES;
				CURRENT_PROJECT_VERSION = 1.0;
				DEVELOPMENT_TEAM = MNHBTWM7RN;
				ENABLE_HARDENED_RUNTIME = NO;
				GCC_PREPROCESSOR_DEFINITIONS = (
					"$(inherited)",
					TARGET_MACOS,
				);
				INFOPLIST_FILE = "$(SRCROOT)/Application/macOS/Info.plist";
				INFOPLIST_KEY_NSMainStoryboardFile = Main;
				LD_RUNPATH_SEARCH_PATHS = (
					"$(inherited)",
					"@executable_path/../Frameworks",
				);
				MACOSX_DEPLOYMENT_TARGET = 12.0;
				PRODUCT_BUNDLE_IDENTIFIER = com.jake.metaltriangle;
				PRODUCT_NAME = MetalTriangle;
				PROVISIONING_PROFILE_SPECIFIER = "";
			};
			name = Debug;
		};
		83E9F99C21ED168F00B393C1 /* Release */ = {
			isa = XCBuildConfiguration;
			buildSettings = {
				CLANG_CXX_LANGUAGE_STANDARD = "c++17";
				CLANG_ENABLE_OBJC_ARC = NO;
				CODE_SIGN_IDENTITY = "Apple Development";
				CODE_SIGN_STYLE = Automatic;
				COMBINE_HIDPI_IMAGES = YES;
				CURRENT_PROJECT_VERSION = 1.0;
				DEVELOPMENT_TEAM = MNHBTWM7RN;
				ENABLE_HARDENED_RUNTIME = NO;
				GCC_PREPROCESSOR_DEFINITIONS = TARGET_MACOS;
				INFOPLIST_FILE = "$(SRCROOT)/Application/macOS/Info.plist";
				INFOPLIST_KEY_NSMainStoryboardFile = Main;
				LD_RUNPATH_SEARCH_PATHS = (
					"$(inherited)",
					"@executable_path/../Frameworks",
				);
				MACOSX_DEPLOYMENT_TARGET = 12.0;
				PRODUCT_BUNDLE_IDENTIFIER = com.jake.metaltriangle;
				PRODUCT_NAME = MetalTriangle;
				PROVISIONING_PROFILE_SPECIFIER = "";
			};
			name = Release;
		};
/* End XCBuildConfiguration section */

/* Begin XCConfigurationList section */
		23C983132761E72A00D5E0E0 /* Build configuration list for PBXNativeTarget "MetalTriangleCPP" */ = {
			isa = XCConfigurationList;
			buildConfigurations = (
				23C983142761E72A00D5E0E0 /* Debug */,
				23C983152761E72A00D5E0E0 /* Release */,
			);
			defaultConfigurationIsVisible = 0;
			defaultConfigurationName = Release;
		};
		83E9F98121ED168D00B393C1 /* Build configuration list for PBXProject "MetalTriangle" */ = {
			isa = XCConfigurationList;
			buildConfigurations = (
				83E9F99821ED168F00B393C1 /* Debug */,
				83E9F99921ED168F00B393C1 /* Release */,
			);
			defaultConfigurationIsVisible = 0;
			defaultConfigurationName = Release;
		};
		83E9F99A21ED168F00B393C1 /* Build configuration list for PBXNativeTarget "MetalTriangle" */ = {
			isa = XCConfigurationList;
			buildConfigurations = (
				83E9F99B21ED168F00B393C1 /* Debug */,
				83E9F99C21ED168F00B393C1 /* Release */,
			);
			defaultConfigurationIsVisible = 0;
			defaultConfigurationName = Release;
		};
/* End XCConfigurationList section */
	};
	rootObject = 83E9F97E21ED168D00B393C1 /* Project object */;
}
